{
  "name": "jinyingzi-workspace",
  "version": "1.0.0",
  "lockfileVersion": 3,
  "requires": true,
  "packages": {
    "": {
      "name": "jinyingzi-workspace",
      "version": "1.0.0",
      "workspaces": [
        "frontend/app",
        "frontend/admin",
        "backend"
      ]
    }
  }
}
